
Microsoft Visual Studio Solution File, Format Version 12.00
# Visual Studio 14
VisualStudioVersion = 14.0.25420.1
MinimumVisualStudioVersion = 10.0.40219.1
Project("{FAE04EC0-301F-11D3-BF4B-00C04F79EFBC}") = "clParse.Console", "clParse.Console\clParse.Console.csproj", "{4712DA30-C00E-4E40-8850-3C5C05951246}"
EndProject
Project("{FAE04EC0-301F-11D3-BF4B-00C04F79EFBC}") = "clParse", "clParse\clParse.csproj", "{ED3440B7-D3FD-41B7-8C90-DFEB51CEA9EA}"
EndProject
Global
	GlobalSection(SolutionConfigurationPlatforms) = preSolution
		Debug|Any CPU = Debug|Any CPU
		Release|Any CPU = Release|Any CPU
	EndGlobalSection
	GlobalSection(ProjectConfigurationPlatforms) = postSolution
		{4712DA30-C00E-4E40-8850-3C5C05951246}.Debug|Any CPU.ActiveCfg = Debug|Any CPU
		{4712DA30-C00E-4E40-8850-3C5C05951246}.Debug|Any CPU.Build.0 = Debug|Any CPU
		{4712DA30-C00E-4E40-8850-3C5C05951246}.Release|Any CPU.ActiveCfg = Release|Any CPU
		{4712DA30-C00E-4E40-8850-3C5C05951246}.Release|Any CPU.Build.0 = Release|Any CPU
		{ED3440B7-D3FD-41B7-8C90-DFEB51CEA9EA}.Debug|Any CPU.ActiveCfg = Debug|Any CPU
		{ED3440B7-D3FD-41B7-8C90-DFEB51CEA9EA}.Debug|Any CPU.Build.0 = Debug|Any CPU
		{ED3440B7-D3FD-41B7-8C90-DFEB51CEA9EA}.Release|Any CPU.ActiveCfg = Release|Any CPU
		{ED3440B7-D3FD-41B7-8C90-DFEB51CEA9EA}.Release|Any CPU.Build.0 = Release|Any CPU
	EndGlobalSection
	GlobalSection(SolutionProperties) = preSolution
		HideSolutionNode = FALSE
	EndGlobalSection
EndGlobal
