
Microsoft Visual Studio Solution File, Format Version 12.00
# Visual Studio 14
VisualStudioVersion = 14.0.25420.1
MinimumVisualStudioVersion = 10.0.40219.1
Project("{FAE04EC0-301F-11D3-BF4B-00C04F79EFBC}") = "clParse.Console", "clParse.Console\clParse.Console.csproj", "{4712DA30-C00E-4E40-8850-3C5C05951246}"
EndProject
Project("{FAE04EC0-301F-11D3-BF4B-00C04F79EFBC}") = "clParse", "clParse\clParse.csproj", "{ED3440B7-D3FD-41B7-8C90-DFEB51CEA9EA}"
EndProject
Project("{2150E333-8FDC-42A3-9474-1A3956D46DE8}") = "Tests", "Tests", "{803FA56F-7916-47A6-8402-A6D7A6BE2E4B}"
EndProject
Project("{FAE04EC0-301F-11D3-BF4B-00C04F79EFBC}") = "clParse.Test", "clParse.Test\clParse.Test.csproj", "{CCF7DB99-FECF-424C-897F-2608BB49D1E1}"
EndProject
Project("{2150E333-8FDC-42A3-9474-1A3956D46DE8}") = "Solution Files", "Solution Files", "{926861A6-A467-4ADE-BC1A-6C5B6BEE7EF7}"
	ProjectSection(SolutionItems) = preProject
		..\..\..\Desktop\clParse.ico = ..\..\..\Desktop\clParse.ico
		..\..\..\Desktop\icon64x64.png = ..\..\..\Desktop\icon64x64.png
		README.md = README.md
	EndProjectSection
EndProject
Project("{FAE04EC0-301F-11D3-BF4B-00C04F79EFBC}") = "clParse.ConsoleTests", "clParse.ConsoleTests\clParse.ConsoleTests.csproj", "{FF4A20D0-599A-4EE1-84E7-E13BD3DDB7DF}"
EndProject
Global
	GlobalSection(SolutionConfigurationPlatforms) = preSolution
		Debug|Any CPU = Debug|Any CPU
		Release|Any CPU = Release|Any CPU
	EndGlobalSection
	GlobalSection(ProjectConfigurationPlatforms) = postSolution
		{4712DA30-C00E-4E40-8850-3C5C05951246}.Debug|Any CPU.ActiveCfg = Debug|Any CPU
		{4712DA30-C00E-4E40-8850-3C5C05951246}.Debug|Any CPU.Build.0 = Debug|Any CPU
		{4712DA30-C00E-4E40-8850-3C5C05951246}.Release|Any CPU.ActiveCfg = Release|Any CPU
		{4712DA30-C00E-4E40-8850-3C5C05951246}.Release|Any CPU.Build.0 = Release|Any CPU
		{ED3440B7-D3FD-41B7-8C90-DFEB51CEA9EA}.Debug|Any CPU.ActiveCfg = Debug|Any CPU
		{ED3440B7-D3FD-41B7-8C90-DFEB51CEA9EA}.Debug|Any CPU.Build.0 = Debug|Any CPU
		{ED3440B7-D3FD-41B7-8C90-DFEB51CEA9EA}.Release|Any CPU.ActiveCfg = Release|Any CPU
		{ED3440B7-D3FD-41B7-8C90-DFEB51CEA9EA}.Release|Any CPU.Build.0 = Release|Any CPU
		{CCF7DB99-FECF-424C-897F-2608BB49D1E1}.Debug|Any CPU.ActiveCfg = Debug|Any CPU
		{CCF7DB99-FECF-424C-897F-2608BB49D1E1}.Debug|Any CPU.Build.0 = Debug|Any CPU
		{CCF7DB99-FECF-424C-897F-2608BB49D1E1}.Release|Any CPU.ActiveCfg = Release|Any CPU
		{CCF7DB99-FECF-424C-897F-2608BB49D1E1}.Release|Any CPU.Build.0 = Release|Any CPU
		{FF4A20D0-599A-4EE1-84E7-E13BD3DDB7DF}.Debug|Any CPU.ActiveCfg = Debug|Any CPU
		{FF4A20D0-599A-4EE1-84E7-E13BD3DDB7DF}.Debug|Any CPU.Build.0 = Debug|Any CPU
		{FF4A20D0-599A-4EE1-84E7-E13BD3DDB7DF}.Release|Any CPU.ActiveCfg = Release|Any CPU
		{FF4A20D0-599A-4EE1-84E7-E13BD3DDB7DF}.Release|Any CPU.Build.0 = Release|Any CPU
	EndGlobalSection
	GlobalSection(SolutionProperties) = preSolution
		HideSolutionNode = FALSE
	EndGlobalSection
	GlobalSection(NestedProjects) = preSolution
		{CCF7DB99-FECF-424C-897F-2608BB49D1E1} = {803FA56F-7916-47A6-8402-A6D7A6BE2E4B}
		{FF4A20D0-599A-4EE1-84E7-E13BD3DDB7DF} = {803FA56F-7916-47A6-8402-A6D7A6BE2E4B}
	EndGlobalSection
EndGlobal
